// !$*UTF8*$!
{
	archiveVersion = 1;
	classes = {
	};
	objectVersion = 56;
	objects = {

/* Begin PBXBuildFile section */
		59B18CD529C9F1090095C5A8 /* CocktailHomeTableViewCell.swift in Sources */ = {isa = PBXBuildFile; fileRef = 59B18CD329C9F1090095C5A8 /* CocktailHomeTableViewCell.swift */; };
		59B18CD629C9F1090095C5A8 /* CocktailHomeTableViewCell.xib in Resources */ = {isa = PBXBuildFile; fileRef = 59B18CD429C9F1090095C5A8 /* CocktailHomeTableViewCell.xib */; };
		59B18CDA29C9F1C20095C5A8 /* CocktailModel.swift in Sources */ = {isa = PBXBuildFile; fileRef = 59B18CD929C9F1C20095C5A8 /* CocktailModel.swift */; };
		59B18CDD29C9FCED0095C5A8 /* UIImageView.swift in Sources */ = {isa = PBXBuildFile; fileRef = 59B18CDC29C9FCED0095C5A8 /* UIImageView.swift */; };
		59DA0D3A29C99B5B00A6910D /* AppDelegate.swift in Sources */ = {isa = PBXBuildFile; fileRef = 59DA0D3929C99B5B00A6910D /* AppDelegate.swift */; };
		59DA0D3C29C99B5B00A6910D /* SceneDelegate.swift in Sources */ = {isa = PBXBuildFile; fileRef = 59DA0D3B29C99B5B00A6910D /* SceneDelegate.swift */; };
		59DA0D3E29C99B5B00A6910D /* ViewController.swift in Sources */ = {isa = PBXBuildFile; fileRef = 59DA0D3D29C99B5B00A6910D /* ViewController.swift */; };
		59DA0D4129C99B5B00A6910D /* Main.storyboard in Resources */ = {isa = PBXBuildFile; fileRef = 59DA0D3F29C99B5B00A6910D /* Main.storyboard */; };
		59DA0D4329C99B5D00A6910D /* Assets.xcassets in Resources */ = {isa = PBXBuildFile; fileRef = 59DA0D4229C99B5D00A6910D /* Assets.xcassets */; };
		59DA0D4629C99B5D00A6910D /* LaunchScreen.storyboard in Resources */ = {isa = PBXBuildFile; fileRef = 59DA0D4429C99B5D00A6910D /* LaunchScreen.storyboard */; };
		59DA0D5129C99B5D00A6910D /* CocktailsTests.swift in Sources */ = {isa = PBXBuildFile; fileRef = 59DA0D5029C99B5D00A6910D /* CocktailsTests.swift */; };
		59DA0D5B29C99B5D00A6910D /* CocktailsUITests.swift in Sources */ = {isa = PBXBuildFile; fileRef = 59DA0D5A29C99B5D00A6910D /* CocktailsUITests.swift */; };
		59DA0D5D29C99B5D00A6910D /* CocktailsUITestsLaunchTests.swift in Sources */ = {isa = PBXBuildFile; fileRef = 59DA0D5C29C99B5D00A6910D /* CocktailsUITestsLaunchTests.swift */; };
		59DA0D7629C9A70800A6910D /* CocktailHomeViewController.swift in Sources */ = {isa = PBXBuildFile; fileRef = 59DA0D7429C9A70800A6910D /* CocktailHomeViewController.swift */; };
		59DA0D7729C9A70800A6910D /* CocktailHomeViewController.xib in Resources */ = {isa = PBXBuildFile; fileRef = 59DA0D7529C9A70800A6910D /* CocktailHomeViewController.xib */; };
		59DA0D7C29C9A85000A6910D /* CocktailHomePresenter.swift in Sources */ = {isa = PBXBuildFile; fileRef = 59DA0D7B29C9A85000A6910D /* CocktailHomePresenter.swift */; };
		59DA0D7E29C9A87F00A6910D /* CocktailHomePresenterProtocol.swift in Sources */ = {isa = PBXBuildFile; fileRef = 59DA0D7D29C9A87F00A6910D /* CocktailHomePresenterProtocol.swift */; };
		59DA0D8029C9B1B600A6910D /* CocktailHomeRouterProtocol.swift in Sources */ = {isa = PBXBuildFile; fileRef = 59DA0D7F29C9B1B600A6910D /* CocktailHomeRouterProtocol.swift */; };
		59DA0D8229C9B1C700A6910D /* CocktailHomeRouter.swift in Sources */ = {isa = PBXBuildFile; fileRef = 59DA0D8129C9B1C700A6910D /* CocktailHomeRouter.swift */; };
		59DA0D8429C9B72200A6910D /* CocktailHomeInteractorProtocol.swift in Sources */ = {isa = PBXBuildFile; fileRef = 59DA0D8329C9B72200A6910D /* CocktailHomeInteractorProtocol.swift */; };
		59DA0D8629C9B72C00A6910D /* CocktailHomeInteractor.swift in Sources */ = {isa = PBXBuildFile; fileRef = 59DA0D8529C9B72C00A6910D /* CocktailHomeInteractor.swift */; };
		59DA0D8929C9C2A600A6910D /* CocktailService.swift in Sources */ = {isa = PBXBuildFile; fileRef = 59DA0D8829C9C2A600A6910D /* CocktailService.swift */; };
		59DA0D8C29C9D02400A6910D /* Test.json in Resources */ = {isa = PBXBuildFile; fileRef = 59DA0D8B29C9D02400A6910D /* Test.json */; };
		59DA0D8E29C9D12700A6910D /* CocktailResponse.swift in Sources */ = {isa = PBXBuildFile; fileRef = 59DA0D8D29C9D12700A6910D /* CocktailResponse.swift */; };
/* End PBXBuildFile section */

/* Begin PBXContainerItemProxy section */
		59DA0D4D29C99B5D00A6910D /* PBXContainerItemProxy */ = {
			isa = PBXContainerItemProxy;
			containerPortal = 59DA0D2E29C99B5B00A6910D /* Project object */;
			proxyType = 1;
			remoteGlobalIDString = 59DA0D3529C99B5B00A6910D;
			remoteInfo = Cocktails;
		};
		59DA0D5729C99B5D00A6910D /* PBXContainerItemProxy */ = {
			isa = PBXContainerItemProxy;
			containerPortal = 59DA0D2E29C99B5B00A6910D /* Project object */;
			proxyType = 1;
			remoteGlobalIDString = 59DA0D3529C99B5B00A6910D;
			remoteInfo = Cocktails;
		};
/* End PBXContainerItemProxy section */

/* Begin PBXFileReference section */
		59B18CD329C9F1090095C5A8 /* CocktailHomeTableViewCell.swift */ = {isa = PBXFileReference; lastKnownFileType = sourcecode.swift; path = CocktailHomeTableViewCell.swift; sourceTree = "<group>"; };
		59B18CD429C9F1090095C5A8 /* CocktailHomeTableViewCell.xib */ = {isa = PBXFileReference; lastKnownFileType = file.xib; path = CocktailHomeTableViewCell.xib; sourceTree = "<group>"; };
		59B18CD929C9F1C20095C5A8 /* CocktailModel.swift */ = {isa = PBXFileReference; lastKnownFileType = sourcecode.swift; path = CocktailModel.swift; sourceTree = "<group>"; };
		59B18CDC29C9FCED0095C5A8 /* UIImageView.swift */ = {isa = PBXFileReference; lastKnownFileType = sourcecode.swift; path = UIImageView.swift; sourceTree = "<group>"; };
		59DA0D3629C99B5B00A6910D /* Cocktails.app */ = {isa = PBXFileReference; explicitFileType = wrapper.application; includeInIndex = 0; path = Cocktails.app; sourceTree = BUILT_PRODUCTS_DIR; };
		59DA0D3929C99B5B00A6910D /* AppDelegate.swift */ = {isa = PBXFileReference; lastKnownFileType = sourcecode.swift; path = AppDelegate.swift; sourceTree = "<group>"; };
		59DA0D3B29C99B5B00A6910D /* SceneDelegate.swift */ = {isa = PBXFileReference; lastKnownFileType = sourcecode.swift; path = SceneDelegate.swift; sourceTree = "<group>"; };
		59DA0D3D29C99B5B00A6910D /* ViewController.swift */ = {isa = PBXFileReference; lastKnownFileType = sourcecode.swift; path = ViewController.swift; sourceTree = "<group>"; };
		59DA0D4029C99B5B00A6910D /* Base */ = {isa = PBXFileReference; lastKnownFileType = file.storyboard; name = Base; path = Base.lproj/Main.storyboard; sourceTree = "<group>"; };
		59DA0D4229C99B5D00A6910D /* Assets.xcassets */ = {isa = PBXFileReference; lastKnownFileType = folder.assetcatalog; path = Assets.xcassets; sourceTree = "<group>"; };
		59DA0D4529C99B5D00A6910D /* Base */ = {isa = PBXFileReference; lastKnownFileType = file.storyboard; name = Base; path = Base.lproj/LaunchScreen.storyboard; sourceTree = "<group>"; };
		59DA0D4729C99B5D00A6910D /* Info.plist */ = {isa = PBXFileReference; lastKnownFileType = text.plist.xml; path = Info.plist; sourceTree = "<group>"; };
		59DA0D4C29C99B5D00A6910D /* CocktailsTests.xctest */ = {isa = PBXFileReference; explicitFileType = wrapper.cfbundle; includeInIndex = 0; path = CocktailsTests.xctest; sourceTree = BUILT_PRODUCTS_DIR; };
		59DA0D5029C99B5D00A6910D /* CocktailsTests.swift */ = {isa = PBXFileReference; lastKnownFileType = sourcecode.swift; path = CocktailsTests.swift; sourceTree = "<group>"; };
		59DA0D5629C99B5D00A6910D /* CocktailsUITests.xctest */ = {isa = PBXFileReference; explicitFileType = wrapper.cfbundle; includeInIndex = 0; path = CocktailsUITests.xctest; sourceTree = BUILT_PRODUCTS_DIR; };
		59DA0D5A29C99B5D00A6910D /* CocktailsUITests.swift */ = {isa = PBXFileReference; lastKnownFileType = sourcecode.swift; path = CocktailsUITests.swift; sourceTree = "<group>"; };
		59DA0D5C29C99B5D00A6910D /* CocktailsUITestsLaunchTests.swift */ = {isa = PBXFileReference; lastKnownFileType = sourcecode.swift; path = CocktailsUITestsLaunchTests.swift; sourceTree = "<group>"; };
		59DA0D7429C9A70800A6910D /* CocktailHomeViewController.swift */ = {isa = PBXFileReference; lastKnownFileType = sourcecode.swift; path = CocktailHomeViewController.swift; sourceTree = "<group>"; };
		59DA0D7529C9A70800A6910D /* CocktailHomeViewController.xib */ = {isa = PBXFileReference; lastKnownFileType = file.xib; path = CocktailHomeViewController.xib; sourceTree = "<group>"; };
		59DA0D7B29C9A85000A6910D /* CocktailHomePresenter.swift */ = {isa = PBXFileReference; lastKnownFileType = sourcecode.swift; path = CocktailHomePresenter.swift; sourceTree = "<group>"; };
		59DA0D7D29C9A87F00A6910D /* CocktailHomePresenterProtocol.swift */ = {isa = PBXFileReference; lastKnownFileType = sourcecode.swift; path = CocktailHomePresenterProtocol.swift; sourceTree = "<group>"; };
		59DA0D7F29C9B1B600A6910D /* CocktailHomeRouterProtocol.swift */ = {isa = PBXFileReference; lastKnownFileType = sourcecode.swift; path = CocktailHomeRouterProtocol.swift; sourceTree = "<group>"; };
		59DA0D8129C9B1C700A6910D /* CocktailHomeRouter.swift */ = {isa = PBXFileReference; lastKnownFileType = sourcecode.swift; path = CocktailHomeRouter.swift; sourceTree = "<group>"; };
		59DA0D8329C9B72200A6910D /* CocktailHomeInteractorProtocol.swift */ = {isa = PBXFileReference; lastKnownFileType = sourcecode.swift; path = CocktailHomeInteractorProtocol.swift; sourceTree = "<group>"; };
		59DA0D8529C9B72C00A6910D /* CocktailHomeInteractor.swift */ = {isa = PBXFileReference; lastKnownFileType = sourcecode.swift; path = CocktailHomeInteractor.swift; sourceTree = "<group>"; };
		59DA0D8829C9C2A600A6910D /* CocktailService.swift */ = {isa = PBXFileReference; lastKnownFileType = sourcecode.swift; path = CocktailService.swift; sourceTree = "<group>"; };
		59DA0D8B29C9D02400A6910D /* Test.json */ = {isa = PBXFileReference; lastKnownFileType = text.json; path = Test.json; sourceTree = "<group>"; };
		59DA0D8D29C9D12700A6910D /* CocktailResponse.swift */ = {isa = PBXFileReference; lastKnownFileType = sourcecode.swift; path = CocktailResponse.swift; sourceTree = "<group>"; };
/* End PBXFileReference section */

/* Begin PBXFrameworksBuildPhase section */
		59DA0D3329C99B5B00A6910D /* Frameworks */ = {
			isa = PBXFrameworksBuildPhase;
			buildActionMask = 2147483647;
			files = (
			);
			runOnlyForDeploymentPostprocessing = 0;
		};
		59DA0D4929C99B5D00A6910D /* Frameworks */ = {
			isa = PBXFrameworksBuildPhase;
			buildActionMask = 2147483647;
			files = (
			);
			runOnlyForDeploymentPostprocessing = 0;
		};
		59DA0D5329C99B5D00A6910D /* Frameworks */ = {
			isa = PBXFrameworksBuildPhase;
			buildActionMask = 2147483647;
			files = (
			);
			runOnlyForDeploymentPostprocessing = 0;
		};
/* End PBXFrameworksBuildPhase section */

/* Begin PBXGroup section */
		59B18CD229C9F0E00095C5A8 /* TableViewCell */ = {
			isa = PBXGroup;
			children = (
				59B18CD329C9F1090095C5A8 /* CocktailHomeTableViewCell.swift */,
				59B18CD429C9F1090095C5A8 /* CocktailHomeTableViewCell.xib */,
			);
			path = TableViewCell;
			sourceTree = "<group>";
		};
		59B18CD729C9F17D0095C5A8 /* Response */ = {
			isa = PBXGroup;
			children = (
				59DA0D8D29C9D12700A6910D /* CocktailResponse.swift */,
			);
			path = Response;
			sourceTree = "<group>";
		};
		59B18CD829C9F1870095C5A8 /* Model */ = {
			isa = PBXGroup;
			children = (
				59B18CD929C9F1C20095C5A8 /* CocktailModel.swift */,
			);
			path = Model;
			sourceTree = "<group>";
		};
		59B18CDB29C9FCD30095C5A8 /* Extensions */ = {
			isa = PBXGroup;
			children = (
				59B18CDC29C9FCED0095C5A8 /* UIImageView.swift */,
			);
			path = Extensions;
			sourceTree = "<group>";
		};
		59DA0D2D29C99B5B00A6910D = {
			isa = PBXGroup;
			children = (
				59DA0D3829C99B5B00A6910D /* Cocktails */,
				59DA0D4F29C99B5D00A6910D /* CocktailsTests */,
				59DA0D5929C99B5D00A6910D /* CocktailsUITests */,
				59DA0D3729C99B5B00A6910D /* Products */,
			);
			sourceTree = "<group>";
		};
		59DA0D3729C99B5B00A6910D /* Products */ = {
			isa = PBXGroup;
			children = (
				59DA0D3629C99B5B00A6910D /* Cocktails.app */,
				59DA0D4C29C99B5D00A6910D /* CocktailsTests.xctest */,
				59DA0D5629C99B5D00A6910D /* CocktailsUITests.xctest */,
			);
			name = Products;
			sourceTree = "<group>";
		};
		59DA0D3829C99B5B00A6910D /* Cocktails */ = {
			isa = PBXGroup;
			children = (
				59B18CDB29C9FCD30095C5A8 /* Extensions */,
				59DA0D8A29C9CECE00A6910D /* Entity */,
				59DA0D8729C9C28400A6910D /* Service */,
				59DA0D7129C9A65700A6910D /* Presenter */,
				59DA0D7029C9A65000A6910D /* Interactor */,
				59DA0D6F29C9A64B00A6910D /* View */,
				59DA0D6A29C9A56700A6910D /* Router */,
				59DA0D6929C9A4C000A6910D /* AppDelegate */,
				59DA0D4229C99B5D00A6910D /* Assets.xcassets */,
				59DA0D4729C99B5D00A6910D /* Info.plist */,
				59DA0D8B29C9D02400A6910D /* Test.json */,
			);
			path = Cocktails;
			sourceTree = "<group>";
		};
		59DA0D4F29C99B5D00A6910D /* CocktailsTests */ = {
			isa = PBXGroup;
			children = (
				59DA0D5029C99B5D00A6910D /* CocktailsTests.swift */,
			);
			path = CocktailsTests;
			sourceTree = "<group>";
		};
		59DA0D5929C99B5D00A6910D /* CocktailsUITests */ = {
			isa = PBXGroup;
			children = (
				59DA0D5A29C99B5D00A6910D /* CocktailsUITests.swift */,
				59DA0D5C29C99B5D00A6910D /* CocktailsUITestsLaunchTests.swift */,
			);
			path = CocktailsUITests;
			sourceTree = "<group>";
		};
		59DA0D6929C9A4C000A6910D /* AppDelegate */ = {
			isa = PBXGroup;
			children = (
				59DA0D3929C99B5B00A6910D /* AppDelegate.swift */,
				59DA0D3B29C99B5B00A6910D /* SceneDelegate.swift */,
			);
			path = AppDelegate;
			sourceTree = "<group>";
		};
		59DA0D6A29C9A56700A6910D /* Router */ = {
			isa = PBXGroup;
			children = (
				59DA0D7F29C9B1B600A6910D /* CocktailHomeRouterProtocol.swift */,
				59DA0D8129C9B1C700A6910D /* CocktailHomeRouter.swift */,
			);
			path = Router;
			sourceTree = "<group>";
		};
		59DA0D6F29C9A64B00A6910D /* View */ = {
			isa = PBXGroup;
			children = (
				59DA0D7329C9A67000A6910D /* ViewControllers */,
				59DA0D7229C9A66700A6910D /* Views */,
			);
			path = View;
			sourceTree = "<group>";
		};
		59DA0D7029C9A65000A6910D /* Interactor */ = {
			isa = PBXGroup;
			children = (
				59DA0D8329C9B72200A6910D /* CocktailHomeInteractorProtocol.swift */,
				59DA0D8529C9B72C00A6910D /* CocktailHomeInteractor.swift */,
			);
			path = Interactor;
			sourceTree = "<group>";
		};
		59DA0D7129C9A65700A6910D /* Presenter */ = {
			isa = PBXGroup;
			children = (
				59DA0D7A29C9A83000A6910D /* Home */,
			);
			path = Presenter;
			sourceTree = "<group>";
		};
		59DA0D7229C9A66700A6910D /* Views */ = {
			isa = PBXGroup;
			children = (
				59B18CD229C9F0E00095C5A8 /* TableViewCell */,
			);
			path = Views;
			sourceTree = "<group>";
		};
		59DA0D7329C9A67000A6910D /* ViewControllers */ = {
			isa = PBXGroup;
			children = (
				59DA0D7829C9A72D00A6910D /* Base */,
				59DA0D7929C9A74500A6910D /* Home */,
			);
			path = ViewControllers;
			sourceTree = "<group>";
		};
		59DA0D7829C9A72D00A6910D /* Base */ = {
			isa = PBXGroup;
			children = (
				59DA0D4429C99B5D00A6910D /* LaunchScreen.storyboard */,
				59DA0D3F29C99B5B00A6910D /* Main.storyboard */,
				59DA0D3D29C99B5B00A6910D /* ViewController.swift */,
			);
			path = Base;
			sourceTree = "<group>";
		};
		59DA0D7929C9A74500A6910D /* Home */ = {
			isa = PBXGroup;
			children = (
				59DA0D7429C9A70800A6910D /* CocktailHomeViewController.swift */,
				59DA0D7529C9A70800A6910D /* CocktailHomeViewController.xib */,
			);
			path = Home;
			sourceTree = "<group>";
		};
		59DA0D7A29C9A83000A6910D /* Home */ = {
			isa = PBXGroup;
			children = (
				59DA0D7D29C9A87F00A6910D /* CocktailHomePresenterProtocol.swift */,
				59DA0D7B29C9A85000A6910D /* CocktailHomePresenter.swift */,
			);
			path = Home;
			sourceTree = "<group>";
		};
		59DA0D8729C9C28400A6910D /* Service */ = {
			isa = PBXGroup;
			children = (
				59DA0D8829C9C2A600A6910D /* CocktailService.swift */,
			);
			path = Service;
			sourceTree = "<group>";
		};
		59DA0D8A29C9CECE00A6910D /* Entity */ = {
			isa = PBXGroup;
			children = (
				59B18CD829C9F1870095C5A8 /* Model */,
				59B18CD729C9F17D0095C5A8 /* Response */,
			);
			path = Entity;
			sourceTree = "<group>";
		};
/* End PBXGroup section */

/* Begin PBXNativeTarget section */
		59DA0D3529C99B5B00A6910D /* Cocktails */ = {
			isa = PBXNativeTarget;
			buildConfigurationList = 59DA0D6029C99B5E00A6910D /* Build configuration list for PBXNativeTarget "Cocktails" */;
			buildPhases = (
				59DA0D3229C99B5B00A6910D /* Sources */,
				59DA0D3329C99B5B00A6910D /* Frameworks */,
				59DA0D3429C99B5B00A6910D /* Resources */,
			);
			buildRules = (
			);
			dependencies = (
			);
			name = Cocktails;
			productName = Cocktails;
			productReference = 59DA0D3629C99B5B00A6910D /* Cocktails.app */;
			productType = "com.apple.product-type.application";
		};
		59DA0D4B29C99B5D00A6910D /* CocktailsTests */ = {
			isa = PBXNativeTarget;
			buildConfigurationList = 59DA0D6329C99B5E00A6910D /* Build configuration list for PBXNativeTarget "CocktailsTests" */;
			buildPhases = (
				59DA0D4829C99B5D00A6910D /* Sources */,
				59DA0D4929C99B5D00A6910D /* Frameworks */,
				59DA0D4A29C99B5D00A6910D /* Resources */,
			);
			buildRules = (
			);
			dependencies = (
				59DA0D4E29C99B5D00A6910D /* PBXTargetDependency */,
			);
			name = CocktailsTests;
			productName = CocktailsTests;
			productReference = 59DA0D4C29C99B5D00A6910D /* CocktailsTests.xctest */;
			productType = "com.apple.product-type.bundle.unit-test";
		};
		59DA0D5529C99B5D00A6910D /* CocktailsUITests */ = {
			isa = PBXNativeTarget;
			buildConfigurationList = 59DA0D6629C99B5E00A6910D /* Build configuration list for PBXNativeTarget "CocktailsUITests" */;
			buildPhases = (
				59DA0D5229C99B5D00A6910D /* Sources */,
				59DA0D5329C99B5D00A6910D /* Frameworks */,
				59DA0D5429C99B5D00A6910D /* Resources */,
			);
			buildRules = (
			);
			dependencies = (
				59DA0D5829C99B5D00A6910D /* PBXTargetDependency */,
			);
			name = CocktailsUITests;
			productName = CocktailsUITests;
			productReference = 59DA0D5629C99B5D00A6910D /* CocktailsUITests.xctest */;
			productType = "com.apple.product-type.bundle.ui-testing";
		};
/* End PBXNativeTarget section */

/* Begin PBXProject section */
		59DA0D2E29C99B5B00A6910D /* Project object */ = {
			isa = PBXProject;
			attributes = {
				BuildIndependentTargetsInParallel = 1;
				LastSwiftUpdateCheck = 1420;
				LastUpgradeCheck = 1420;
				TargetAttributes = {
					59DA0D3529C99B5B00A6910D = {
						CreatedOnToolsVersion = 14.2;
					};
					59DA0D4B29C99B5D00A6910D = {
						CreatedOnToolsVersion = 14.2;
						TestTargetID = 59DA0D3529C99B5B00A6910D;
					};
					59DA0D5529C99B5D00A6910D = {
						CreatedOnToolsVersion = 14.2;
						TestTargetID = 59DA0D3529C99B5B00A6910D;
					};
				};
			};
			buildConfigurationList = 59DA0D3129C99B5B00A6910D /* Build configuration list for PBXProject "Cocktails" */;
			compatibilityVersion = "Xcode 14.0";
			developmentRegion = en;
			hasScannedForEncodings = 0;
			knownRegions = (
				en,
				Base,
			);
			mainGroup = 59DA0D2D29C99B5B00A6910D;
			productRefGroup = 59DA0D3729C99B5B00A6910D /* Products */;
			projectDirPath = "";
			projectRoot = "";
			targets = (
				59DA0D3529C99B5B00A6910D /* Cocktails */,
				59DA0D4B29C99B5D00A6910D /* CocktailsTests */,
				59DA0D5529C99B5D00A6910D /* CocktailsUITests */,
			);
		};
/* End PBXProject section */

/* Begin PBXResourcesBuildPhase section */
		59DA0D3429C99B5B00A6910D /* Resources */ = {
			isa = PBXResourcesBuildPhase;
			buildActionMask = 2147483647;
			files = (
				59DA0D4629C99B5D00A6910D /* LaunchScreen.storyboard in Resources */,
				59DA0D7729C9A70800A6910D /* CocktailHomeViewController.xib in Resources */,
				59DA0D4329C99B5D00A6910D /* Assets.xcassets in Resources */,
				59DA0D4129C99B5B00A6910D /* Main.storyboard in Resources */,
				59B18CD629C9F1090095C5A8 /* CocktailHomeTableViewCell.xib in Resources */,
				59DA0D8C29C9D02400A6910D /* Test.json in Resources */,
			);
			runOnlyForDeploymentPostprocessing = 0;
		};
		59DA0D4A29C99B5D00A6910D /* Resources */ = {
			isa = PBXResourcesBuildPhase;
			buildActionMask = 2147483647;
			files = (
			);
			runOnlyForDeploymentPostprocessing = 0;
		};
		59DA0D5429C99B5D00A6910D /* Resources */ = {
			isa = PBXResourcesBuildPhase;
			buildActionMask = 2147483647;
			files = (
			);
			runOnlyForDeploymentPostprocessing = 0;
		};
/* End PBXResourcesBuildPhase section */

/* Begin PBXSourcesBuildPhase section */
		59DA0D3229C99B5B00A6910D /* Sources */ = {
			isa = PBXSourcesBuildPhase;
			buildActionMask = 2147483647;
			files = (
				59DA0D3E29C99B5B00A6910D /* ViewController.swift in Sources */,
				59B18CDD29C9FCED0095C5A8 /* UIImageView.swift in Sources */,
				59DA0D3A29C99B5B00A6910D /* AppDelegate.swift in Sources */,
				59DA0D8229C9B1C700A6910D /* CocktailHomeRouter.swift in Sources */,
				59B18CD529C9F1090095C5A8 /* CocktailHomeTableViewCell.swift in Sources */,
				59DA0D7C29C9A85000A6910D /* CocktailHomePresenter.swift in Sources */,
				59DA0D8429C9B72200A6910D /* CocktailHomeInteractorProtocol.swift in Sources */,
				59DA0D8029C9B1B600A6910D /* CocktailHomeRouterProtocol.swift in Sources */,
				59DA0D8E29C9D12700A6910D /* CocktailResponse.swift in Sources */,
				59DA0D7629C9A70800A6910D /* CocktailHomeViewController.swift in Sources */,
				59B18CDA29C9F1C20095C5A8 /* CocktailModel.swift in Sources */,
				59DA0D8629C9B72C00A6910D /* CocktailHomeInteractor.swift in Sources */,
				59DA0D3C29C99B5B00A6910D /* SceneDelegate.swift in Sources */,
				59DA0D8929C9C2A600A6910D /* CocktailService.swift in Sources */,
				59DA0D7E29C9A87F00A6910D /* CocktailHomePresenterProtocol.swift in Sources */,
			);
			runOnlyForDeploymentPostprocessing = 0;
		};
		59DA0D4829C99B5D00A6910D /* Sources */ = {
			isa = PBXSourcesBuildPhase;
			buildActionMask = 2147483647;
			files = (
				59DA0D5129C99B5D00A6910D /* CocktailsTests.swift in Sources */,
			);
			runOnlyForDeploymentPostprocessing = 0;
		};
		59DA0D5229C99B5D00A6910D /* Sources */ = {
			isa = PBXSourcesBuildPhase;
			buildActionMask = 2147483647;
			files = (
				59DA0D5D29C99B5D00A6910D /* CocktailsUITestsLaunchTests.swift in Sources */,
				59DA0D5B29C99B5D00A6910D /* CocktailsUITests.swift in Sources */,
			);
			runOnlyForDeploymentPostprocessing = 0;
		};
/* End PBXSourcesBuildPhase section */

/* Begin PBXTargetDependency section */
		59DA0D4E29C99B5D00A6910D /* PBXTargetDependency */ = {
			isa = PBXTargetDependency;
			target = 59DA0D3529C99B5B00A6910D /* Cocktails */;
			targetProxy = 59DA0D4D29C99B5D00A6910D /* PBXContainerItemProxy */;
		};
		59DA0D5829C99B5D00A6910D /* PBXTargetDependency */ = {
			isa = PBXTargetDependency;
			target = 59DA0D3529C99B5B00A6910D /* Cocktails */;
			targetProxy = 59DA0D5729C99B5D00A6910D /* PBXContainerItemProxy */;
		};
/* End PBXTargetDependency section */

/* Begin PBXVariantGroup section */
		59DA0D3F29C99B5B00A6910D /* Main.storyboard */ = {
			isa = PBXVariantGroup;
			children = (
				59DA0D4029C99B5B00A6910D /* Base */,
			);
			name = Main.storyboard;
			sourceTree = "<group>";
		};
		59DA0D4429C99B5D00A6910D /* LaunchScreen.storyboard */ = {
			isa = PBXVariantGroup;
			children = (
				59DA0D4529C99B5D00A6910D /* Base */,
			);
			name = LaunchScreen.storyboard;
			sourceTree = "<group>";
		};
/* End PBXVariantGroup section */

/* Begin XCBuildConfiguration section */
		59DA0D5E29C99B5D00A6910D /* Debug */ = {
			isa = XCBuildConfiguration;
			buildSettings = {
				ALWAYS_SEARCH_USER_PATHS = NO;
				CLANG_ANALYZER_NONNULL = YES;
				CLANG_ANALYZER_NUMBER_OBJECT_CONVERSION = YES_AGGRESSIVE;
				CLANG_CXX_LANGUAGE_STANDARD = "gnu++20";
				CLANG_ENABLE_MODULES = YES;
				CLANG_ENABLE_OBJC_ARC = YES;
				CLANG_ENABLE_OBJC_WEAK = YES;
				CLANG_WARN_BLOCK_CAPTURE_AUTORELEASING = YES;
				CLANG_WARN_BOOL_CONVERSION = YES;
				CLANG_WARN_COMMA = YES;
				CLANG_WARN_CONSTANT_CONVERSION = YES;
				CLANG_WARN_DEPRECATED_OBJC_IMPLEMENTATIONS = YES;
				CLANG_WARN_DIRECT_OBJC_ISA_USAGE = YES_ERROR;
				CLANG_WARN_DOCUMENTATION_COMMENTS = YES;
				CLANG_WARN_EMPTY_BODY = YES;
				CLANG_WARN_ENUM_CONVERSION = YES;
				CLANG_WARN_INFINITE_RECURSION = YES;
				CLANG_WARN_INT_CONVERSION = YES;
				CLANG_WARN_NON_LITERAL_NULL_CONVERSION = YES;
				CLANG_WARN_OBJC_IMPLICIT_RETAIN_SELF = YES;
				CLANG_WARN_OBJC_LITERAL_CONVERSION = YES;
				CLANG_WARN_OBJC_ROOT_CLASS = YES_ERROR;
				CLANG_WARN_QUOTED_INCLUDE_IN_FRAMEWORK_HEADER = YES;
				CLANG_WARN_RANGE_LOOP_ANALYSIS = YES;
				CLANG_WARN_STRICT_PROTOTYPES = YES;
				CLANG_WARN_SUSPICIOUS_MOVE = YES;
				CLANG_WARN_UNGUARDED_AVAILABILITY = YES_AGGRESSIVE;
				CLANG_WARN_UNREACHABLE_CODE = YES;
				CLANG_WARN__DUPLICATE_METHOD_MATCH = YES;
				COPY_PHASE_STRIP = NO;
				DEBUG_INFORMATION_FORMAT = dwarf;
				ENABLE_STRICT_OBJC_MSGSEND = YES;
				ENABLE_TESTABILITY = YES;
				GCC_C_LANGUAGE_STANDARD = gnu11;
				GCC_DYNAMIC_NO_PIC = NO;
				GCC_NO_COMMON_BLOCKS = YES;
				GCC_OPTIMIZATION_LEVEL = 0;
				GCC_PREPROCESSOR_DEFINITIONS = (
					"DEBUG=1",
					"$(inherited)",
				);
				GCC_WARN_64_TO_32_BIT_CONVERSION = YES;
				GCC_WARN_ABOUT_RETURN_TYPE = YES_ERROR;
				GCC_WARN_UNDECLARED_SELECTOR = YES;
				GCC_WARN_UNINITIALIZED_AUTOS = YES_AGGRESSIVE;
				GCC_WARN_UNUSED_FUNCTION = YES;
				GCC_WARN_UNUSED_VARIABLE = YES;
				IPHONEOS_DEPLOYMENT_TARGET = 16.2;
				MTL_ENABLE_DEBUG_INFO = INCLUDE_SOURCE;
				MTL_FAST_MATH = YES;
				ONLY_ACTIVE_ARCH = YES;
				SDKROOT = iphoneos;
				SWIFT_ACTIVE_COMPILATION_CONDITIONS = DEBUG;
				SWIFT_OPTIMIZATION_LEVEL = "-Onone";
			};
			name = Debug;
		};
		59DA0D5F29C99B5E00A6910D /* Release */ = {
			isa = XCBuildConfiguration;
			buildSettings = {
				ALWAYS_SEARCH_USER_PATHS = NO;
				CLANG_ANALYZER_NONNULL = YES;
				CLANG_ANALYZER_NUMBER_OBJECT_CONVERSION = YES_AGGRESSIVE;
				CLANG_CXX_LANGUAGE_STANDARD = "gnu++20";
				CLANG_ENABLE_MODULES = YES;
				CLANG_ENABLE_OBJC_ARC = YES;
				CLANG_ENABLE_OBJC_WEAK = YES;
				CLANG_WARN_BLOCK_CAPTURE_AUTORELEASING = YES;
				CLANG_WARN_BOOL_CONVERSION = YES;
				CLANG_WARN_COMMA = YES;
				CLANG_WARN_CONSTANT_CONVERSION = YES;
				CLANG_WARN_DEPRECATED_OBJC_IMPLEMENTATIONS = YES;
				CLANG_WARN_DIRECT_OBJC_ISA_USAGE = YES_ERROR;
				CLANG_WARN_DOCUMENTATION_COMMENTS = YES;
				CLANG_WARN_EMPTY_BODY = YES;
				CLANG_WARN_ENUM_CONVERSION = YES;
				CLANG_WARN_INFINITE_RECURSION = YES;
				CLANG_WARN_INT_CONVERSION = YES;
				CLANG_WARN_NON_LITERAL_NULL_CONVERSION = YES;
				CLANG_WARN_OBJC_IMPLICIT_RETAIN_SELF = YES;
				CLANG_WARN_OBJC_LITERAL_CONVERSION = YES;
				CLANG_WARN_OBJC_ROOT_CLASS = YES_ERROR;
				CLANG_WARN_QUOTED_INCLUDE_IN_FRAMEWORK_HEADER = YES;
				CLANG_WARN_RANGE_LOOP_ANALYSIS = YES;
				CLANG_WARN_STRICT_PROTOTYPES = YES;
				CLANG_WARN_SUSPICIOUS_MOVE = YES;
				CLANG_WARN_UNGUARDED_AVAILABILITY = YES_AGGRESSIVE;
				CLANG_WARN_UNREACHABLE_CODE = YES;
				CLANG_WARN__DUPLICATE_METHOD_MATCH = YES;
				COPY_PHASE_STRIP = NO;
				DEBUG_INFORMATION_FORMAT = "dwarf-with-dsym";
				ENABLE_NS_ASSERTIONS = NO;
				ENABLE_STRICT_OBJC_MSGSEND = YES;
				GCC_C_LANGUAGE_STANDARD = gnu11;
				GCC_NO_COMMON_BLOCKS = YES;
				GCC_WARN_64_TO_32_BIT_CONVERSION = YES;
				GCC_WARN_ABOUT_RETURN_TYPE = YES_ERROR;
				GCC_WARN_UNDECLARED_SELECTOR = YES;
				GCC_WARN_UNINITIALIZED_AUTOS = YES_AGGRESSIVE;
				GCC_WARN_UNUSED_FUNCTION = YES;
				GCC_WARN_UNUSED_VARIABLE = YES;
				IPHONEOS_DEPLOYMENT_TARGET = 16.2;
				MTL_ENABLE_DEBUG_INFO = NO;
				MTL_FAST_MATH = YES;
				SDKROOT = iphoneos;
				SWIFT_COMPILATION_MODE = wholemodule;
				SWIFT_OPTIMIZATION_LEVEL = "-O";
				VALIDATE_PRODUCT = YES;
			};
			name = Release;
		};
		59DA0D6129C99B5E00A6910D /* Debug */ = {
			isa = XCBuildConfiguration;
			buildSettings = {
				ASSETCATALOG_COMPILER_APPICON_NAME = AppIcon;
				ASSETCATALOG_COMPILER_GLOBAL_ACCENT_COLOR_NAME = AccentColor;
				CODE_SIGN_STYLE = Automatic;
				CURRENT_PROJECT_VERSION = 1;
				GENERATE_INFOPLIST_FILE = YES;
				INFOPLIST_FILE = Cocktails/Info.plist;
				INFOPLIST_KEY_LSApplicationCategoryType = "public.app-category.food-and-drink";
				INFOPLIST_KEY_UIApplicationSupportsIndirectInputEvents = YES;
				INFOPLIST_KEY_UILaunchStoryboardName = LaunchScreen;
				INFOPLIST_KEY_UIMainStoryboardFile = Main;
				INFOPLIST_KEY_UISupportedInterfaceOrientations_iPad = "UIInterfaceOrientationPortrait UIInterfaceOrientationPortraitUpsideDown UIInterfaceOrientationLandscapeLeft UIInterfaceOrientationLandscapeRight";
				INFOPLIST_KEY_UISupportedInterfaceOrientations_iPhone = "UIInterfaceOrientationPortrait UIInterfaceOrientationLandscapeLeft UIInterfaceOrientationLandscapeRight";
				LD_RUNPATH_SEARCH_PATHS = (
					"$(inherited)",
					"@executable_path/Frameworks",
				);
				MARKETING_VERSION = 1.0;
				PRODUCT_BUNDLE_IDENTIFIER = za.Cocktails;
				PRODUCT_NAME = "$(TARGET_NAME)";
				SWIFT_EMIT_LOC_STRINGS = YES;
				SWIFT_VERSION = 5.0;
				TARGETED_DEVICE_FAMILY = "1,2";
			};
			name = Debug;
		};
		59DA0D6229C99B5E00A6910D /* Release */ = {
			isa = XCBuildConfiguration;
			buildSettings = {
				ASSETCATALOG_COMPILER_APPICON_NAME = AppIcon;
				ASSETCATALOG_COMPILER_GLOBAL_ACCENT_COLOR_NAME = AccentColor;
				CODE_SIGN_STYLE = Automatic;
				CURRENT_PROJECT_VERSION = 1;
				GENERATE_INFOPLIST_FILE = YES;
				INFOPLIST_FILE = Cocktails/Info.plist;
				INFOPLIST_KEY_LSApplicationCategoryType = "public.app-category.food-and-drink";
				INFOPLIST_KEY_UIApplicationSupportsIndirectInputEvents = YES;
				INFOPLIST_KEY_UILaunchStoryboardName = LaunchScreen;
				INFOPLIST_KEY_UIMainStoryboardFile = Main;
				INFOPLIST_KEY_UISupportedInterfaceOrientations_iPad = "UIInterfaceOrientationPortrait UIInterfaceOrientationPortraitUpsideDown UIInterfaceOrientationLandscapeLeft UIInterfaceOrientationLandscapeRight";
				INFOPLIST_KEY_UISupportedInterfaceOrientations_iPhone = "UIInterfaceOrientationPortrait UIInterfaceOrientationLandscapeLeft UIInterfaceOrientationLandscapeRight";
				LD_RUNPATH_SEARCH_PATHS = (
					"$(inherited)",
					"@executable_path/Frameworks",
				);
				MARKETING_VERSION = 1.0;
				PRODUCT_BUNDLE_IDENTIFIER = za.Cocktails;
				PRODUCT_NAME = "$(TARGET_NAME)";
				SWIFT_EMIT_LOC_STRINGS = YES;
				SWIFT_VERSION = 5.0;
				TARGETED_DEVICE_FAMILY = "1,2";
			};
			name = Release;
		};
		59DA0D6429C99B5E00A6910D /* Debug */ = {
			isa = XCBuildConfiguration;
			buildSettings = {
				ALWAYS_EMBED_SWIFT_STANDARD_LIBRARIES = YES;
				BUNDLE_LOADER = "$(TEST_HOST)";
				CODE_SIGN_STYLE = Automatic;
				CURRENT_PROJECT_VERSION = 1;
				GENERATE_INFOPLIST_FILE = YES;
				IPHONEOS_DEPLOYMENT_TARGET = 16.2;
				MARKETING_VERSION = 1.0;
				PRODUCT_BUNDLE_IDENTIFIER = za.CocktailsTests;
				PRODUCT_NAME = "$(TARGET_NAME)";
				SWIFT_EMIT_LOC_STRINGS = NO;
				SWIFT_VERSION = 5.0;
				TARGETED_DEVICE_FAMILY = "1,2";
				TEST_HOST = "$(BUILT_PRODUCTS_DIR)/Cocktails.app/$(BUNDLE_EXECUTABLE_FOLDER_PATH)/Cocktails";
			};
			name = Debug;
		};
		59DA0D6529C99B5E00A6910D /* Release */ = {
			isa = XCBuildConfiguration;
			buildSettings = {
				ALWAYS_EMBED_SWIFT_STANDARD_LIBRARIES = YES;
				BUNDLE_LOADER = "$(TEST_HOST)";
				CODE_SIGN_STYLE = Automatic;
				CURRENT_PROJECT_VERSION = 1;
				GENERATE_INFOPLIST_FILE = YES;
				IPHONEOS_DEPLOYMENT_TARGET = 16.2;
				MARKETING_VERSION = 1.0;
				PRODUCT_BUNDLE_IDENTIFIER = za.CocktailsTests;
				PRODUCT_NAME = "$(TARGET_NAME)";
				SWIFT_EMIT_LOC_STRINGS = NO;
				SWIFT_VERSION = 5.0;
				TARGETED_DEVICE_FAMILY = "1,2";
				TEST_HOST = "$(BUILT_PRODUCTS_DIR)/Cocktails.app/$(BUNDLE_EXECUTABLE_FOLDER_PATH)/Cocktails";
			};
			name = Release;
		};
		59DA0D6729C99B5E00A6910D /* Debug */ = {
			isa = XCBuildConfiguration;
			buildSettings = {
				ALWAYS_EMBED_SWIFT_STANDARD_LIBRARIES = YES;
				CODE_SIGN_STYLE = Automatic;
				CURRENT_PROJECT_VERSION = 1;
				GENERATE_INFOPLIST_FILE = YES;
				MARKETING_VERSION = 1.0;
				PRODUCT_BUNDLE_IDENTIFIER = za.CocktailsUITests;
				PRODUCT_NAME = "$(TARGET_NAME)";
				SWIFT_EMIT_LOC_STRINGS = NO;
				SWIFT_VERSION = 5.0;
				TARGETED_DEVICE_FAMILY = "1,2";
				TEST_TARGET_NAME = Cocktails;
			};
			name = Debug;
		};
		59DA0D6829C99B5E00A6910D /* Release */ = {
			isa = XCBuildConfiguration;
			buildSettings = {
				ALWAYS_EMBED_SWIFT_STANDARD_LIBRARIES = YES;
				CODE_SIGN_STYLE = Automatic;
				CURRENT_PROJECT_VERSION = 1;
				GENERATE_INFOPLIST_FILE = YES;
				MARKETING_VERSION = 1.0;
				PRODUCT_BUNDLE_IDENTIFIER = za.CocktailsUITests;
				PRODUCT_NAME = "$(TARGET_NAME)";
				SWIFT_EMIT_LOC_STRINGS = NO;
				SWIFT_VERSION = 5.0;
				TARGETED_DEVICE_FAMILY = "1,2";
				TEST_TARGET_NAME = Cocktails;
			};
			name = Release;
		};
/* End XCBuildConfiguration section */

/* Begin XCConfigurationList section */
		59DA0D3129C99B5B00A6910D /* Build configuration list for PBXProject "Cocktails" */ = {
			isa = XCConfigurationList;
			buildConfigurations = (
				59DA0D5E29C99B5D00A6910D /* Debug */,
				59DA0D5F29C99B5E00A6910D /* Release */,
			);
			defaultConfigurationIsVisible = 0;
			defaultConfigurationName = Release;
		};
		59DA0D6029C99B5E00A6910D /* Build configuration list for PBXNativeTarget "Cocktails" */ = {
			isa = XCConfigurationList;
			buildConfigurations = (
				59DA0D6129C99B5E00A6910D /* Debug */,
				59DA0D6229C99B5E00A6910D /* Release */,
			);
			defaultConfigurationIsVisible = 0;
			defaultConfigurationName = Release;
		};
		59DA0D6329C99B5E00A6910D /* Build configuration list for PBXNativeTarget "CocktailsTests" */ = {
			isa = XCConfigurationList;
			buildConfigurations = (
				59DA0D6429C99B5E00A6910D /* Debug */,
				59DA0D6529C99B5E00A6910D /* Release */,
			);
			defaultConfigurationIsVisible = 0;
			defaultConfigurationName = Release;
		};
		59DA0D6629C99B5E00A6910D /* Build configuration list for PBXNativeTarget "CocktailsUITests" */ = {
			isa = XCConfigurationList;
			buildConfigurations = (
				59DA0D6729C99B5E00A6910D /* Debug */,
				59DA0D6829C99B5E00A6910D /* Release */,
			);
			defaultConfigurationIsVisible = 0;
			defaultConfigurationName = Release;
		};
/* End XCConfigurationList section */
	};
	rootObject = 59DA0D2E29C99B5B00A6910D /* Project object */;
}
